
Microsoft Visual Studio Solution File, Format Version 12.00
# Visual Studio Version 16
VisualStudioVersion = 16.0.32002.261
MinimumVisualStudioVersion = 10.0.40219.1
Project("{FAE04EC0-301F-11D3-BF4B-00C04F79EFBC}") = "GitFun", "GitFun\GitFun.csproj", "{1FB7D404-944C-4F7C-944B-0E0A8EB51333}"
EndProject
Global
	GlobalSection(SolutionConfigurationPlatforms) = preSolution
		Debug|Any CPU = Debug|Any CPU
		Release|Any CPU = Release|Any CPU
	EndGlobalSection
	GlobalSection(ProjectConfigurationPlatforms) = postSolution
		{1FB7D404-944C-4F7C-944B-0E0A8EB51333}.Debug|Any CPU.ActiveCfg = Debug|Any CPU
		{1FB7D404-944C-4F7C-944B-0E0A8EB51333}.Debug|Any CPU.Build.0 = Debug|Any CPU
		{1FB7D404-944C-4F7C-944B-0E0A8EB51333}.Release|Any CPU.ActiveCfg = Release|Any CPU
		{1FB7D404-944C-4F7C-944B-0E0A8EB51333}.Release|Any CPU.Build.0 = Release|Any CPU
	EndGlobalSection
	GlobalSection(SolutionProperties) = preSolution
		HideSolutionNode = FALSE
	EndGlobalSection
	GlobalSection(ExtensibilityGlobals) = postSolution
		SolutionGuid = {D3610EB4-FD94-4883-B018-9110D2E849F1}
	EndGlobalSection
EndGlobal
